
Microsoft Visual Studio Solution File, Format Version 11.00
# Visual Studio 2010 Express for Windows Phone
Project("{FAE04EC0-301F-11D3-BF4B-00C04F79EFBC}") = "TEST", "TEST\TEST\TEST.csproj", "{BE58A731-72C3-4871-A925-B48BAFDFFA95}"
EndProject
Project("{96E2B04D-8817-42C6-938A-82C39BA4D311}") = "TESTContent", "TEST\TESTContent\TESTContent.contentproj", "{BE946BE3-6883-4812-A54D-A28347F6A114}"
EndProject
Global
	GlobalSection(SolutionConfigurationPlatforms) = preSolution
		Debug|x86 = Debug|x86
		Release|x86 = Release|x86
	EndGlobalSection
	GlobalSection(ProjectConfigurationPlatforms) = postSolution
		{BE58A731-72C3-4871-A925-B48BAFDFFA95}.Debug|x86.ActiveCfg = Debug|x86
		{BE58A731-72C3-4871-A925-B48BAFDFFA95}.Debug|x86.Build.0 = Debug|x86
		{BE58A731-72C3-4871-A925-B48BAFDFFA95}.Release|x86.ActiveCfg = Release|x86
		{BE58A731-72C3-4871-A925-B48BAFDFFA95}.Release|x86.Build.0 = Release|x86
		{BE946BE3-6883-4812-A54D-A28347F6A114}.Debug|x86.ActiveCfg = Debug|x86
		{BE946BE3-6883-4812-A54D-A28347F6A114}.Release|x86.ActiveCfg = Release|x86
	EndGlobalSection
	GlobalSection(SolutionProperties) = preSolution
		HideSolutionNode = FALSE
	EndGlobalSection
EndGlobal
